
Microsoft Visual Studio Solution File, Format Version 12.00
# Visual Studio Version 16
VisualStudioVersion = 16.0.29025.244
MinimumVisualStudioVersion = 10.0.40219.1
Project("{F184B08F-C81C-45F6-A57F-5ABD9991F28F}") = "JobProcessorApiSamples", "JobProcessorApiSamples.vbproj", "{01B67C4A-47F2-4688-AD67-C153C16BBF54}"
EndProject
Global
	GlobalSection(SolutionConfigurationPlatforms) = preSolution
		Debug|x64 = Debug|x64
		Release|x64 = Release|x64
	EndGlobalSection
	GlobalSection(ProjectConfigurationPlatforms) = postSolution
		{01B67C4A-47F2-4688-AD67-C153C16BBF54}.Debug|x64.ActiveCfg = Debug|x64
		{01B67C4A-47F2-4688-AD67-C153C16BBF54}.Debug|x64.Build.0 = Debug|x64
		{01B67C4A-47F2-4688-AD67-C153C16BBF54}.Release|x64.ActiveCfg = Release|x64
		{01B67C4A-47F2-4688-AD67-C153C16BBF54}.Release|x64.Build.0 = Release|x64
	EndGlobalSection
	GlobalSection(SolutionProperties) = preSolution
		HideSolutionNode = FALSE
	EndGlobalSection
	GlobalSection(ExtensibilityGlobals) = postSolution
		SolutionGuid = {D63F6C17-E733-49B0-AEC3-96C79F61C5BD}
	EndGlobalSection
EndGlobal
